
Microsoft Visual Studio Solution File, Format Version 12.00
# Visual Studio Version 16
VisualStudioVersion = 16.0.30717.126
MinimumVisualStudioVersion = 10.0.40219.1
Project("{9A19103F-16F7-4668-BE54-9A1E7A4F7556}") = "EfSchemaCompare", "EfSchemaCompare\EfSchemaCompare.csproj", "{43A50E2D-73D9-4386-9E70-651DB7802E1A}"
EndProject
Project("{9A19103F-16F7-4668-BE54-9A1E7A4F7556}") = "Test", "Test\Test.csproj", "{117D95BA-BAFB-4719-9847-1C23990DB460}"
EndProject
Project("{2150E333-8FDC-42A3-9474-1A3956D46DE8}") = "Solution Items", "Solution Items", "{E1829449-86FD-49B9-8260-D02023B26E3B}"
	ProjectSection(SolutionItems) = preProject
		ReleaseNotes.md = ReleaseNotes.md
	EndProjectSection
EndProject
Project("{FAE04EC0-301F-11D3-BF4B-00C04F79EFBC}") = "DataLayer", "DataLayer\DataLayer.csproj", "{206EA673-FCA6-465B-B98A-643C882FE02F}"
EndProject
Global
	GlobalSection(SolutionConfigurationPlatforms) = preSolution
		Debug|Any CPU = Debug|Any CPU
		Release|Any CPU = Release|Any CPU
	EndGlobalSection
	GlobalSection(ProjectConfigurationPlatforms) = postSolution
		{43A50E2D-73D9-4386-9E70-651DB7802E1A}.Debug|Any CPU.ActiveCfg = Debug|Any CPU
		{43A50E2D-73D9-4386-9E70-651DB7802E1A}.Debug|Any CPU.Build.0 = Debug|Any CPU
		{43A50E2D-73D9-4386-9E70-651DB7802E1A}.Release|Any CPU.ActiveCfg = Release|Any CPU
		{43A50E2D-73D9-4386-9E70-651DB7802E1A}.Release|Any CPU.Build.0 = Release|Any CPU
		{117D95BA-BAFB-4719-9847-1C23990DB460}.Debug|Any CPU.ActiveCfg = Debug|Any CPU
		{117D95BA-BAFB-4719-9847-1C23990DB460}.Debug|Any CPU.Build.0 = Debug|Any CPU
		{117D95BA-BAFB-4719-9847-1C23990DB460}.Release|Any CPU.ActiveCfg = Release|Any CPU
		{117D95BA-BAFB-4719-9847-1C23990DB460}.Release|Any CPU.Build.0 = Release|Any CPU
		{206EA673-FCA6-465B-B98A-643C882FE02F}.Debug|Any CPU.ActiveCfg = Debug|Any CPU
		{206EA673-FCA6-465B-B98A-643C882FE02F}.Debug|Any CPU.Build.0 = Debug|Any CPU
		{206EA673-FCA6-465B-B98A-643C882FE02F}.Release|Any CPU.ActiveCfg = Release|Any CPU
		{206EA673-FCA6-465B-B98A-643C882FE02F}.Release|Any CPU.Build.0 = Release|Any CPU
	EndGlobalSection
	GlobalSection(SolutionProperties) = preSolution
		HideSolutionNode = FALSE
	EndGlobalSection
	GlobalSection(ExtensibilityGlobals) = postSolution
		SolutionGuid = {F8931685-704C-4948-80AC-37B13697AB55}
	EndGlobalSection
EndGlobal
